
Microsoft Visual Studio Solution File, Format Version 12.00
# Visual Studio Version 16
VisualStudioVersion = 16.0.30717.126
MinimumVisualStudioVersion = 10.0.40219.1
Project("{9A19103F-16F7-4668-BE54-9A1E7A4F7556}") = "NotNamedWar", "NotNamedWar\NotNamedWar.csproj", "{CD9425D7-357A-4301-8706-618F83292910}"
EndProject
Global
	GlobalSection(SolutionConfigurationPlatforms) = preSolution
		Debug|Any CPU = Debug|Any CPU
		Release|Any CPU = Release|Any CPU
	EndGlobalSection
	GlobalSection(ProjectConfigurationPlatforms) = postSolution
		{CD9425D7-357A-4301-8706-618F83292910}.Debug|Any CPU.ActiveCfg = Debug|Any CPU
		{CD9425D7-357A-4301-8706-618F83292910}.Debug|Any CPU.Build.0 = Debug|Any CPU
		{CD9425D7-357A-4301-8706-618F83292910}.Release|Any CPU.ActiveCfg = Release|Any CPU
		{CD9425D7-357A-4301-8706-618F83292910}.Release|Any CPU.Build.0 = Release|Any CPU
	EndGlobalSection
	GlobalSection(SolutionProperties) = preSolution
		HideSolutionNode = FALSE
	EndGlobalSection
	GlobalSection(ExtensibilityGlobals) = postSolution
		SolutionGuid = {C12C3EB0-46A5-4359-9C7D-943F6BF63FB4}
	EndGlobalSection
EndGlobal
